
Microsoft Visual Studio Solution File, Format Version 12.00
# Visual Studio Version 17
VisualStudioVersion = 17.9.34723.18
MinimumVisualStudioVersion = 10.0.40219.1
Project("{FAE04EC0-301F-11D3-BF4B-00C04F79EFBC}") = "MamaSearcher", "MamaSearcher.csproj", "{08EFAF9B-F0C3-4A3A-B31B-FED987707D42}"
EndProject
Global
	GlobalSection(SolutionConfigurationPlatforms) = preSolution
		Debug|Any CPU = Debug|Any CPU
		Release|Any CPU = Release|Any CPU
	EndGlobalSection
	GlobalSection(ProjectConfigurationPlatforms) = postSolution
		{08EFAF9B-F0C3-4A3A-B31B-FED987707D42}.Debug|Any CPU.ActiveCfg = Debug|Any CPU
		{08EFAF9B-F0C3-4A3A-B31B-FED987707D42}.Debug|Any CPU.Build.0 = Debug|Any CPU
		{08EFAF9B-F0C3-4A3A-B31B-FED987707D42}.Release|Any CPU.ActiveCfg = Release|Any CPU
		{08EFAF9B-F0C3-4A3A-B31B-FED987707D42}.Release|Any CPU.Build.0 = Release|Any CPU
	EndGlobalSection
	GlobalSection(SolutionProperties) = preSolution
		HideSolutionNode = FALSE
	EndGlobalSection
	GlobalSection(ExtensibilityGlobals) = postSolution
		SolutionGuid = {03F9465E-8E51-42BE-A766-DDDCE65AE5C0}
	EndGlobalSection
EndGlobal
